<?xml version="1.0" encoding="utf-8"?>
<Project ToolsVersion="4.0" xmlns="http://schemas.microsoft.com/developer/msbuild/2003">
  <ItemGroup>
    <Filter Include="Algorithm">
      <UniqueIdentifier>{22ca378c-cd87-4a9b-8225-73cd049a6470}</UniqueIdentifier>
    </Filter>
    <Filter Include="main">
      <UniqueIdentifier>{a84e0f99-c9bf-4ff7-b7b3-d687699062a5}</UniqueIdentifier>
    </Filter>
    <Filter Include="Algorithm\01.Greedy">
      <UniqueIdentifier>{bfb47f29-1f5e-4a1a-8279-6754d2dc86f4}</UniqueIdentifier>
    </Filter>
  </ItemGroup>
  <ItemGroup>
    <ClCompile Include="main.cpp">
      <Filter>main</Filter>
    </ClCompile>
    <ClCompile Include="Greedy.cpp">
      <Filter>Algorithm\01.Greedy</Filter>
    </ClCompile>
  </ItemGroup>
</Project>